
Microsoft Visual Studio Solution File, Format Version 12.00
# Visual Studio Version 17
VisualStudioVersion = 17.6.33815.320
MinimumVisualStudioVersion = 10.0.40219.1
Project("{8BC9CEB8-8B4A-11D0-8D11-00A0C91BC942}") = "xlgames", "xlgames\xlgames.vcxproj", "{A36EC842-CE92-4C7A-B5E7-A978A844DC91}"
EndProject
Project("{8BC9CEB8-8B4A-11D0-8D11-00A0C91BC942}") = "xlgames_client", "xlgames_client\xlgames_client.vcxproj", "{1376EA4F-A70A-4DAB-BDF7-C518A108BCE8}"
EndProject
Project("{8BC9CEB8-8B4A-11D0-8D11-00A0C91BC942}") = "Thread", "Thread\Thread.vcxproj", "{49287B2F-EA27-4659-899A-EA28F7495F8A}"
EndProject
Global
	GlobalSection(SolutionConfigurationPlatforms) = preSolution
		Debug|x64 = Debug|x64
		Debug|x86 = Debug|x86
		Release|x64 = Release|x64
		Release|x86 = Release|x86
	EndGlobalSection
	GlobalSection(ProjectConfigurationPlatforms) = postSolution
		{A36EC842-CE92-4C7A-B5E7-A978A844DC91}.Debug|x64.ActiveCfg = Debug|x64
		{A36EC842-CE92-4C7A-B5E7-A978A844DC91}.Debug|x64.Build.0 = Debug|x64
		{A36EC842-CE92-4C7A-B5E7-A978A844DC91}.Debug|x86.ActiveCfg = Debug|Win32
		{A36EC842-CE92-4C7A-B5E7-A978A844DC91}.Debug|x86.Build.0 = Debug|Win32
		{A36EC842-CE92-4C7A-B5E7-A978A844DC91}.Release|x64.ActiveCfg = Release|x64
		{A36EC842-CE92-4C7A-B5E7-A978A844DC91}.Release|x64.Build.0 = Release|x64
		{A36EC842-CE92-4C7A-B5E7-A978A844DC91}.Release|x86.ActiveCfg = Release|Win32
		{A36EC842-CE92-4C7A-B5E7-A978A844DC91}.Release|x86.Build.0 = Release|Win32
		{1376EA4F-A70A-4DAB-BDF7-C518A108BCE8}.Debug|x64.ActiveCfg = Debug|x64
		{1376EA4F-A70A-4DAB-BDF7-C518A108BCE8}.Debug|x64.Build.0 = Debug|x64
		{1376EA4F-A70A-4DAB-BDF7-C518A108BCE8}.Debug|x86.ActiveCfg = Debug|Win32
		{1376EA4F-A70A-4DAB-BDF7-C518A108BCE8}.Debug|x86.Build.0 = Debug|Win32
		{1376EA4F-A70A-4DAB-BDF7-C518A108BCE8}.Release|x64.ActiveCfg = Release|x64
		{1376EA4F-A70A-4DAB-BDF7-C518A108BCE8}.Release|x64.Build.0 = Release|x64
		{1376EA4F-A70A-4DAB-BDF7-C518A108BCE8}.Release|x86.ActiveCfg = Release|Win32
		{1376EA4F-A70A-4DAB-BDF7-C518A108BCE8}.Release|x86.Build.0 = Release|Win32
		{49287B2F-EA27-4659-899A-EA28F7495F8A}.Debug|x64.ActiveCfg = Debug|x64
		{49287B2F-EA27-4659-899A-EA28F7495F8A}.Debug|x64.Build.0 = Debug|x64
		{49287B2F-EA27-4659-899A-EA28F7495F8A}.Debug|x86.ActiveCfg = Debug|Win32
		{49287B2F-EA27-4659-899A-EA28F7495F8A}.Debug|x86.Build.0 = Debug|Win32
		{49287B2F-EA27-4659-899A-EA28F7495F8A}.Release|x64.ActiveCfg = Release|x64
		{49287B2F-EA27-4659-899A-EA28F7495F8A}.Release|x64.Build.0 = Release|x64
		{49287B2F-EA27-4659-899A-EA28F7495F8A}.Release|x86.ActiveCfg = Release|Win32
		{49287B2F-EA27-4659-899A-EA28F7495F8A}.Release|x86.Build.0 = Release|Win32
	EndGlobalSection
	GlobalSection(SolutionProperties) = preSolution
		HideSolutionNode = FALSE
	EndGlobalSection
	GlobalSection(ExtensibilityGlobals) = postSolution
		SolutionGuid = {79DE04C7-DB2F-46FB-AB3B-D4BEC12D4F1F}
	EndGlobalSection
EndGlobal
